
Microsoft Visual Studio Solution File, Format Version 12.00
# Visual Studio Version 17
VisualStudioVersion = 17.8.34525.116
MinimumVisualStudioVersion = 10.0.40219.1
Project("{FAE04EC0-301F-11D3-BF4B-00C04F79EFBC}") = "login_ pag1", "login_ pag1\login_ pag1.csproj", "{A9BC4D7E-5CC9-45D3-940F-DAA1C9B5909D}"
EndProject
Global
	GlobalSection(SolutionConfigurationPlatforms) = preSolution
		Debug|Any CPU = Debug|Any CPU
		Release|Any CPU = Release|Any CPU
	EndGlobalSection
	GlobalSection(ProjectConfigurationPlatforms) = postSolution
		{A9BC4D7E-5CC9-45D3-940F-DAA1C9B5909D}.Debug|Any CPU.ActiveCfg = Debug|Any CPU
		{A9BC4D7E-5CC9-45D3-940F-DAA1C9B5909D}.Debug|Any CPU.Build.0 = Debug|Any CPU
		{A9BC4D7E-5CC9-45D3-940F-DAA1C9B5909D}.Release|Any CPU.ActiveCfg = Release|Any CPU
		{A9BC4D7E-5CC9-45D3-940F-DAA1C9B5909D}.Release|Any CPU.Build.0 = Release|Any CPU
	EndGlobalSection
	GlobalSection(SolutionProperties) = preSolution
		HideSolutionNode = FALSE
	EndGlobalSection
	GlobalSection(ExtensibilityGlobals) = postSolution
		SolutionGuid = {6F94CACD-251A-4FB2-92FD-35A5F4FF08DC}
	EndGlobalSection
EndGlobal
